<?xml version="1.0" encoding="UTF-8" standalone="yes" ?>
<CodeBlocks_project_file>
	<FileVersion major="1" minor="6" />
	<Project>
		<Option title="ShowTrajecto" />
		<Option pch_mode="2" />
		<Option compiler="gcc" />
		<Build>
			<Target title="Debug">
				<Option output="bin/Debug/ShowTrajecto" prefix_auto="1" extension_auto="1" />
				<Option object_output="obj/Debug/" />
				<Option type="1" />
				<Option compiler="gcc" />
				<Compiler>
					<Add option="-g" />
				</Compiler>
			</Target>
			<Target title="Release">
				<Option output="bin/Release/ShowTrajecto" prefix_auto="1" extension_auto="1" />
				<Option object_output="obj/Release/" />
				<Option type="1" />
				<Option compiler="gcc" />
				<Compiler>
					<Add option="-O2" />
				</Compiler>
				<Linker>
					<Add option="-s" />
				</Linker>
			</Target>
		</Build>
		<Compiler>
			<Add option="-Wall" />
			<Add option="-fexceptions" />
            <Add directory="../Read_Write_Filter_Paolo" />
		</Compiler>
		<Linker>
			<Add library="/usr/lib/libopencv_calib3d.so" />
            <Add library="/usr/local/lib/libopencv_core.so" />
			<Add library="/usr/lib/libopencv_features2d.so" />
			<Add library="/usr/lib/libopencv_flann.so" />
			<Add library="/usr/lib/libopencv_highgui.so" />
			<Add library="/usr/lib/libopencv_imgproc.so" />
			<Add library="/usr/lib/libopencv_ml.so" />
			<Add library="/usr/lib/libopencv_objdetect.so" />
			<Add library="/usr/lib/libopencv_video.so" />
			<Add library="/usr/lib/libopencv_videoio.so" />
			<Add library="/usr/lib/libgsl.so" />
			<Add library="/usr/lib/libgslcblas.so" />
			<Add library="/usr/lib/libtiff.so" />
		</Linker>
		<Unit filename="ShowTrajecto.cpp" />
		<Extensions>
			<envvars />
			<code_completion />
			<debugger />
		</Extensions>
	</Project>
</CodeBlocks_project_file>
